// !$*UTF8*$!
{
	archiveVersion = 1;
	classes = {
	};
	objectVersion = 46;
	objects = {

/* Begin PBXBuildFile section */
		78887FC11F1E0FE800823954 /* AppDelegate.swift in Sources */ = {isa = PBXBuildFile; fileRef = 78887FC01F1E0FE800823954 /* AppDelegate.swift */; };
		78887FC31F1E0FE800823954 /* ViewController.swift in Sources */ = {isa = PBXBuildFile; fileRef = 78887FC21F1E0FE800823954 /* ViewController.swift */; };
		78887FC61F1E0FE800823954 /* Main.storyboard in Resources */ = {isa = PBXBuildFile; fileRef = 78887FC41F1E0FE800823954 /* Main.storyboard */; };
		78887FC81F1E0FE800823954 /* Assets.xcassets in Resources */ = {isa = PBXBuildFile; fileRef = 78887FC71F1E0FE800823954 /* Assets.xcassets */; };
		78887FCB1F1E0FE800823954 /* LaunchScreen.storyboard in Resources */ = {isa = PBXBuildFile; fileRef = 78887FC91F1E0FE800823954 /* LaunchScreen.storyboard */; };
		78887FD61F1E0FE800823954 /* TestDPTests.swift in Sources */ = {isa = PBXBuildFile; fileRef = 78887FD51F1E0FE800823954 /* TestDPTests.swift */; };
		78887FE11F1E0FE800823954 /* TestDPUITests.swift in Sources */ = {isa = PBXBuildFile; fileRef = 78887FE01F1E0FE800823954 /* TestDPUITests.swift */; };
/* End PBXBuildFile section */

/* Begin PBXContainerItemProxy section */
		78887FD21F1E0FE800823954 /* PBXContainerItemProxy */ = {
			isa = PBXContainerItemProxy;
			containerPortal = 78887FB51F1E0FE800823954 /* Project object */;
			proxyType = 1;
			remoteGlobalIDString = 78887FBC1F1E0FE800823954;
			remoteInfo = TestDP;
		};
		78887FDD1F1E0FE800823954 /* PBXContainerItemProxy */ = {
			isa = PBXContainerItemProxy;
			containerPortal = 78887FB51F1E0FE800823954 /* Project object */;
			proxyType = 1;
			remoteGlobalIDString = 78887FBC1F1E0FE800823954;
			remoteInfo = TestDP;
		};
/* End PBXContainerItemProxy section */

/* Begin PBXFileReference section */
		78887FBD1F1E0FE800823954 /* TestDP.app */ = {isa = PBXFileReference; explicitFileType = wrapper.application; includeInIndex = 0; path = TestDP.app; sourceTree = BUILT_PRODUCTS_DIR; };
		78887FC01F1E0FE800823954 /* AppDelegate.swift */ = {isa = PBXFileReference; lastKnownFileType = sourcecode.swift; path = AppDelegate.swift; sourceTree = "<group>"; };
		78887FC21F1E0FE800823954 /* ViewController.swift */ = {isa = PBXFileReference; lastKnownFileType = sourcecode.swift; path = ViewController.swift; sourceTree = "<group>"; };
		78887FC51F1E0FE800823954 /* Base */ = {isa = PBXFileReference; lastKnownFileType = file.storyboard; name = Base; path = Base.lproj/Main.storyboard; sourceTree = "<group>"; };
		78887FC71F1E0FE800823954 /* Assets.xcassets */ = {isa = PBXFileReference; lastKnownFileType = folder.assetcatalog; path = Assets.xcassets; sourceTree = "<group>"; };
		78887FCA1F1E0FE800823954 /* Base */ = {isa = PBXFileReference; lastKnownFileType = file.storyboard; name = Base; path = Base.lproj/LaunchScreen.storyboard; sourceTree = "<group>"; };
		78887FCC1F1E0FE800823954 /* Info.plist */ = {isa = PBXFileReference; lastKnownFileType = text.plist.xml; path = Info.plist; sourceTree = "<group>"; };
		78887FD11F1E0FE800823954 /* TestDPTests.xctest */ = {isa = PBXFileReference; explicitFileType = wrapper.cfbundle; includeInIndex = 0; path = TestDPTests.xctest; sourceTree = BUILT_PRODUCTS_DIR; };
		78887FD51F1E0FE800823954 /* TestDPTests.swift */ = {isa = PBXFileReference; lastKnownFileType = sourcecode.swift; path = TestDPTests.swift; sourceTree = "<group>"; };
		78887FD71F1E0FE800823954 /* Info.plist */ = {isa = PBXFileReference; lastKnownFileType = text.plist.xml; path = Info.plist; sourceTree = "<group>"; };
		78887FDC1F1E0FE800823954 /* TestDPUITests.xctest */ = {isa = PBXFileReference; explicitFileType = wrapper.cfbundle; includeInIndex = 0; path = TestDPUITests.xctest; sourceTree = BUILT_PRODUCTS_DIR; };
		78887FE01F1E0FE800823954 /* TestDPUITests.swift */ = {isa = PBXFileReference; lastKnownFileType = sourcecode.swift; path = TestDPUITests.swift; sourceTree = "<group>"; };
		78887FE21F1E0FE800823954 /* Info.plist */ = {isa = PBXFileReference; lastKnownFileType = text.plist.xml; path = Info.plist; sourceTree = "<group>"; };
/* End PBXFileReference section */

/* Begin PBXFrameworksBuildPhase section */
		78887FBA1F1E0FE800823954 /* Frameworks */ = {
			isa = PBXFrameworksBuildPhase;
			buildActionMask = 2147483647;
			files = (
			);
			runOnlyForDeploymentPostprocessing = 0;
		};
		78887FCE1F1E0FE800823954 /* Frameworks */ = {
			isa = PBXFrameworksBuildPhase;
			buildActionMask = 2147483647;
			files = (
			);
			runOnlyForDeploymentPostprocessing = 0;
		};
		78887FD91F1E0FE800823954 /* Frameworks */ = {
			isa = PBXFrameworksBuildPhase;
			buildActionMask = 2147483647;
			files = (
			);
			runOnlyForDeploymentPostprocessing = 0;
		};
/* End PBXFrameworksBuildPhase section */

/* Begin PBXGroup section */
		78887FB41F1E0FE800823954 = {
			isa = PBXGroup;
			children = (
				78887FBF1F1E0FE800823954 /* TestDP */,
				78887FD41F1E0FE800823954 /* TestDPTests */,
				78887FDF1F1E0FE800823954 /* TestDPUITests */,
				78887FBE1F1E0FE800823954 /* Products */,
			);
			sourceTree = "<group>";
		};
		78887FBE1F1E0FE800823954 /* Products */ = {
			isa = PBXGroup;
			children = (
				78887FBD1F1E0FE800823954 /* TestDP.app */,
				78887FD11F1E0FE800823954 /* TestDPTests.xctest */,
				78887FDC1F1E0FE800823954 /* TestDPUITests.xctest */,
			);
			name = Products;
			sourceTree = "<group>";
		};
		78887FBF1F1E0FE800823954 /* TestDP */ = {
			isa = PBXGroup;
			children = (
				78887FC01F1E0FE800823954 /* AppDelegate.swift */,
				78887FC21F1E0FE800823954 /* ViewController.swift */,
				78887FC41F1E0FE800823954 /* Main.storyboard */,
				78887FC71F1E0FE800823954 /* Assets.xcassets */,
				78887FC91F1E0FE800823954 /* LaunchScreen.storyboard */,
				78887FCC1F1E0FE800823954 /* Info.plist */,
			);
			path = TestDP;
			sourceTree = "<group>";
		};
		78887FD41F1E0FE800823954 /* TestDPTests */ = {
			isa = PBXGroup;
			children = (
				78887FD51F1E0FE800823954 /* TestDPTests.swift */,
				78887FD71F1E0FE800823954 /* Info.plist */,
			);
			path = TestDPTests;
			sourceTree = "<group>";
		};
		78887FDF1F1E0FE800823954 /* TestDPUITests */ = {
			isa = PBXGroup;
			children = (
				78887FE01F1E0FE800823954 /* TestDPUITests.swift */,
				78887FE21F1E0FE800823954 /* Info.plist */,
			);
			path = TestDPUITests;
			sourceTree = "<group>";
		};
/* End PBXGroup section */

/* Begin PBXNativeTarget section */
		78887FBC1F1E0FE800823954 /* TestDP */ = {
			isa = PBXNativeTarget;
			buildConfigurationList = 78887FE51F1E0FE800823954 /* Build configuration list for PBXNativeTarget "TestDP" */;
			buildPhases = (
				78887FB91F1E0FE800823954 /* Sources */,
				78887FBA1F1E0FE800823954 /* Frameworks */,
				78887FBB1F1E0FE800823954 /* Resources */,
			);
			buildRules = (
			);
			dependencies = (
			);
			name = TestDP;
			productName = TestDP;
			productReference = 78887FBD1F1E0FE800823954 /* TestDP.app */;
			productType = "com.apple.product-type.application";
		};
		78887FD01F1E0FE800823954 /* TestDPTests */ = {
			isa = PBXNativeTarget;
			buildConfigurationList = 78887FE81F1E0FE800823954 /* Build configuration list for PBXNativeTarget "TestDPTests" */;
			buildPhases = (
				78887FCD1F1E0FE800823954 /* Sources */,
				78887FCE1F1E0FE800823954 /* Frameworks */,
				78887FCF1F1E0FE800823954 /* Resources */,
			);
			buildRules = (
			);
			dependencies = (
				78887FD31F1E0FE800823954 /* PBXTargetDependency */,
			);
			name = TestDPTests;
			productName = TestDPTests;
			productReference = 78887FD11F1E0FE800823954 /* TestDPTests.xctest */;
			productType = "com.apple.product-type.bundle.unit-test";
		};
		78887FDB1F1E0FE800823954 /* TestDPUITests */ = {
			isa = PBXNativeTarget;
			buildConfigurationList = 78887FEB1F1E0FE800823954 /* Build configuration list for PBXNativeTarget "TestDPUITests" */;
			buildPhases = (
				78887FD81F1E0FE800823954 /* Sources */,
				78887FD91F1E0FE800823954 /* Frameworks */,
				78887FDA1F1E0FE800823954 /* Resources */,
			);
			buildRules = (
			);
			dependencies = (
				78887FDE1F1E0FE800823954 /* PBXTargetDependency */,
			);
			name = TestDPUITests;
			productName = TestDPUITests;
			productReference = 78887FDC1F1E0FE800823954 /* TestDPUITests.xctest */;
			productType = "com.apple.product-type.bundle.ui-testing";
		};
/* End PBXNativeTarget section */

/* Begin PBXProject section */
		78887FB51F1E0FE800823954 /* Project object */ = {
			isa = PBXProject;
			attributes = {
				LastSwiftUpdateCheck = 0830;
				LastUpgradeCheck = 0830;
				ORGANIZATIONNAME = "Dima Gubatenko";
				TargetAttributes = {
					78887FBC1F1E0FE800823954 = {
						CreatedOnToolsVersion = 8.3.3;
						ProvisioningStyle = Automatic;
					};
					78887FD01F1E0FE800823954 = {
						CreatedOnToolsVersion = 8.3.3;
						ProvisioningStyle = Automatic;
						TestTargetID = 78887FBC1F1E0FE800823954;
					};
					78887FDB1F1E0FE800823954 = {
						CreatedOnToolsVersion = 8.3.3;
						ProvisioningStyle = Automatic;
						TestTargetID = 78887FBC1F1E0FE800823954;
					};
				};
			};
			buildConfigurationList = 78887FB81F1E0FE800823954 /* Build configuration list for PBXProject "TestDP" */;
			compatibilityVersion = "Xcode 3.2";
			developmentRegion = English;
			hasScannedForEncodings = 0;
			knownRegions = (
				en,
				Base,
			);
			mainGroup = 78887FB41F1E0FE800823954;
			productRefGroup = 78887FBE1F1E0FE800823954 /* Products */;
			projectDirPath = "";
			projectRoot = "";
			targets = (
				78887FBC1F1E0FE800823954 /* TestDP */,
				78887FD01F1E0FE800823954 /* TestDPTests */,
				78887FDB1F1E0FE800823954 /* TestDPUITests */,
			);
		};
/* End PBXProject section */

/* Begin PBXResourcesBuildPhase section */
		78887FBB1F1E0FE800823954 /* Resources */ = {
			isa = PBXResourcesBuildPhase;
			buildActionMask = 2147483647;
			files = (
				78887FCB1F1E0FE800823954 /* LaunchScreen.storyboard in Resources */,
				78887FC81F1E0FE800823954 /* Assets.xcassets in Resources */,
				78887FC61F1E0FE800823954 /* Main.storyboard in Resources */,
			);
			runOnlyForDeploymentPostprocessing = 0;
		};
		78887FCF1F1E0FE800823954 /* Resources */ = {
			isa = PBXResourcesBuildPhase;
			buildActionMask = 2147483647;
			files = (
			);
			runOnlyForDeploymentPostprocessing = 0;
		};
		78887FDA1F1E0FE800823954 /* Resources */ = {
			isa = PBXResourcesBuildPhase;
			buildActionMask = 2147483647;
			files = (
			);
			runOnlyForDeploymentPostprocessing = 0;
		};
/* End PBXResourcesBuildPhase section */

/* Begin PBXSourcesBuildPhase section */
		78887FB91F1E0FE800823954 /* Sources */ = {
			isa = PBXSourcesBuildPhase;
			buildActionMask = 2147483647;
			files = (
				78887FC31F1E0FE800823954 /* ViewController.swift in Sources */,
				78887FC11F1E0FE800823954 /* AppDelegate.swift in Sources */,
			);
			runOnlyForDeploymentPostprocessing = 0;
		};
		78887FCD1F1E0FE800823954 /* Sources */ = {
			isa = PBXSourcesBuildPhase;
			buildActionMask = 2147483647;
			files = (
				78887FD61F1E0FE800823954 /* TestDPTests.swift in Sources */,
			);
			runOnlyForDeploymentPostprocessing = 0;
		};
		78887FD81F1E0FE800823954 /* Sources */ = {
			isa = PBXSourcesBuildPhase;
			buildActionMask = 2147483647;
			files = (
				78887FE11F1E0FE800823954 /* TestDPUITests.swift in Sources */,
			);
			runOnlyForDeploymentPostprocessing = 0;
		};
/* End PBXSourcesBuildPhase section */

/* Begin PBXTargetDependency section */
		78887FD31F1E0FE800823954 /* PBXTargetDependency */ = {
			isa = PBXTargetDependency;
			target = 78887FBC1F1E0FE800823954 /* TestDP */;
			targetProxy = 78887FD21F1E0FE800823954 /* PBXContainerItemProxy */;
		};
		78887FDE1F1E0FE800823954 /* PBXTargetDependency */ = {
			isa = PBXTargetDependency;
			target = 78887FBC1F1E0FE800823954 /* TestDP */;
			targetProxy = 78887FDD1F1E0FE800823954 /* PBXContainerItemProxy */;
		};
/* End PBXTargetDependency section */

/* Begin PBXVariantGroup section */
		78887FC41F1E0FE800823954 /* Main.storyboard */ = {
			isa = PBXVariantGroup;
			children = (
				78887FC51F1E0FE800823954 /* Base */,
			);
			name = Main.storyboard;
			sourceTree = "<group>";
		};
		78887FC91F1E0FE800823954 /* LaunchScreen.storyboard */ = {
			isa = PBXVariantGroup;
			children = (
				78887FCA1F1E0FE800823954 /* Base */,
			);
			name = LaunchScreen.storyboard;
			sourceTree = "<group>";
		};
/* End PBXVariantGroup section */

/* Begin XCBuildConfiguration section */
		78887FE31F1E0FE800823954 /* Debug */ = {
			isa = XCBuildConfiguration;
			buildSettings = {
				ALWAYS_SEARCH_USER_PATHS = NO;
				CLANG_ANALYZER_NONNULL = YES;
				CLANG_ANALYZER_NUMBER_OBJECT_CONVERSION = YES_AGGRESSIVE;
				CLANG_CXX_LANGUAGE_STANDARD = "gnu++0x";
				CLANG_CXX_LIBRARY = "libc++";
				CLANG_ENABLE_MODULES = YES;
				CLANG_ENABLE_OBJC_ARC = YES;
				CLANG_WARN_BOOL_CONVERSION = YES;
				CLANG_WARN_CONSTANT_CONVERSION = YES;
				CLANG_WARN_DIRECT_OBJC_ISA_USAGE = YES_ERROR;
				CLANG_WARN_DOCUMENTATION_COMMENTS = YES;
				CLANG_WARN_EMPTY_BODY = YES;
				CLANG_WARN_ENUM_CONVERSION = YES;
				CLANG_WARN_INFINITE_RECURSION = YES;
				CLANG_WARN_INT_CONVERSION = YES;
				CLANG_WARN_OBJC_ROOT_CLASS = YES_ERROR;
				CLANG_WARN_SUSPICIOUS_MOVE = YES;
				CLANG_WARN_UNREACHABLE_CODE = YES;
				CLANG_WARN__DUPLICATE_METHOD_MATCH = YES;
				"CODE_SIGN_IDENTITY[sdk=iphoneos*]" = "iPhone Developer";
				COPY_PHASE_STRIP = NO;
				DEBUG_INFORMATION_FORMAT = dwarf;
				ENABLE_STRICT_OBJC_MSGSEND = YES;
				ENABLE_TESTABILITY = YES;
				GCC_C_LANGUAGE_STANDARD = gnu99;
				GCC_DYNAMIC_NO_PIC = NO;
				GCC_NO_COMMON_BLOCKS = YES;
				GCC_OPTIMIZATION_LEVEL = 0;
				GCC_PREPROCESSOR_DEFINITIONS = (
					"DEBUG=1",
					"$(inherited)",
				);
				GCC_WARN_64_TO_32_BIT_CONVERSION = YES;
				GCC_WARN_ABOUT_RETURN_TYPE = YES_ERROR;
				GCC_WARN_UNDECLARED_SELECTOR = YES;
				GCC_WARN_UNINITIALIZED_AUTOS = YES_AGGRESSIVE;
				GCC_WARN_UNUSED_FUNCTION = YES;
				GCC_WARN_UNUSED_VARIABLE = YES;
				IPHONEOS_DEPLOYMENT_TARGET = 10.3;
				MTL_ENABLE_DEBUG_INFO = YES;
				ONLY_ACTIVE_ARCH = YES;
				SDKROOT = iphoneos;
				SWIFT_ACTIVE_COMPILATION_CONDITIONS = DEBUG;
				SWIFT_OPTIMIZATION_LEVEL = "-Onone";
			};
			name = Debug;
		};
		78887FE41F1E0FE800823954 /* Release */ = {
			isa = XCBuildConfiguration;
			buildSettings = {
				ALWAYS_SEARCH_USER_PATHS = NO;
				CLANG_ANALYZER_NONNULL = YES;
				CLANG_ANALYZER_NUMBER_OBJECT_CONVERSION = YES_AGGRESSIVE;
				CLANG_CXX_LANGUAGE_STANDARD = "gnu++0x";
				CLANG_CXX_LIBRARY = "libc++";
				CLANG_ENABLE_MODULES = YES;
				CLANG_ENABLE_OBJC_ARC = YES;
				CLANG_WARN_BOOL_CONVERSION = YES;
				CLANG_WARN_CONSTANT_CONVERSION = YES;
				CLANG_WARN_DIRECT_OBJC_ISA_USAGE = YES_ERROR;
				CLANG_WARN_DOCUMENTATION_COMMENTS = YES;
				CLANG_WARN_EMPTY_BODY = YES;
				CLANG_WARN_ENUM_CONVERSION = YES;
				CLANG_WARN_INFINITE_RECURSION = YES;
				CLANG_WARN_INT_CONVERSION = YES;
				CLANG_WARN_OBJC_ROOT_CLASS = YES_ERROR;
				CLANG_WARN_SUSPICIOUS_MOVE = YES;
				CLANG_WARN_UNREACHABLE_CODE = YES;
				CLANG_WARN__DUPLICATE_METHOD_MATCH = YES;
				"CODE_SIGN_IDENTITY[sdk=iphoneos*]" = "iPhone Developer";
				COPY_PHASE_STRIP = NO;
				DEBUG_INFORMATION_FORMAT = "dwarf-with-dsym";
				ENABLE_NS_ASSERTIONS = NO;
				ENABLE_STRICT_OBJC_MSGSEND = YES;
				GCC_C_LANGUAGE_STANDARD = gnu99;
				GCC_NO_COMMON_BLOCKS = YES;
				GCC_WARN_64_TO_32_BIT_CONVERSION = YES;
				GCC_WARN_ABOUT_RETURN_TYPE = YES_ERROR;
				GCC_WARN_UNDECLARED_SELECTOR = YES;
				GCC_WARN_UNINITIALIZED_AUTOS = YES_AGGRESSIVE;
				GCC_WARN_UNUSED_FUNCTION = YES;
				GCC_WARN_UNUSED_VARIABLE = YES;
				IPHONEOS_DEPLOYMENT_TARGET = 10.3;
				MTL_ENABLE_DEBUG_INFO = NO;
				SDKROOT = iphoneos;
				SWIFT_OPTIMIZATION_LEVEL = "-Owholemodule";
				VALIDATE_PRODUCT = YES;
			};
			name = Release;
		};
		78887FE61F1E0FE800823954 /* Debug */ = {
			isa = XCBuildConfiguration;
			buildSettings = {
				ASSETCATALOG_COMPILER_APPICON_NAME = AppIcon;
				INFOPLIST_FILE = TestDP/Info.plist;
				LD_RUNPATH_SEARCH_PATHS = "$(inherited) @executable_path/Frameworks";
				PRODUCT_BUNDLE_IDENTIFIER = test.dp.TestDP;
				PRODUCT_NAME = "$(TARGET_NAME)";
				SWIFT_VERSION = 3.0;
			};
			name = Debug;
		};
		78887FE71F1E0FE800823954 /* Release */ = {
			isa = XCBuildConfiguration;
			buildSettings = {
				ASSETCATALOG_COMPILER_APPICON_NAME = AppIcon;
				INFOPLIST_FILE = TestDP/Info.plist;
				LD_RUNPATH_SEARCH_PATHS = "$(inherited) @executable_path/Frameworks";
				PRODUCT_BUNDLE_IDENTIFIER = test.dp.TestDP;
				PRODUCT_NAME = "$(TARGET_NAME)";
				SWIFT_VERSION = 3.0;
			};
			name = Release;
		};
		78887FE91F1E0FE800823954 /* Debug */ = {
			isa = XCBuildConfiguration;
			buildSettings = {
				ALWAYS_EMBED_SWIFT_STANDARD_LIBRARIES = YES;
				BUNDLE_LOADER = "$(TEST_HOST)";
				INFOPLIST_FILE = TestDPTests/Info.plist;
				LD_RUNPATH_SEARCH_PATHS = "$(inherited) @executable_path/Frameworks @loader_path/Frameworks";
				PRODUCT_BUNDLE_IDENTIFIER = test.dp.TestDPTests;
				PRODUCT_NAME = "$(TARGET_NAME)";
				SWIFT_VERSION = 3.0;
				TEST_HOST = "$(BUILT_PRODUCTS_DIR)/TestDP.app/TestDP";
			};
			name = Debug;
		};
		78887FEA1F1E0FE800823954 /* Release */ = {
			isa = XCBuildConfiguration;
			buildSettings = {
				ALWAYS_EMBED_SWIFT_STANDARD_LIBRARIES = YES;
				BUNDLE_LOADER = "$(TEST_HOST)";
				INFOPLIST_FILE = TestDPTests/Info.plist;
				LD_RUNPATH_SEARCH_PATHS = "$(inherited) @executable_path/Frameworks @loader_path/Frameworks";
				PRODUCT_BUNDLE_IDENTIFIER = test.dp.TestDPTests;
				PRODUCT_NAME = "$(TARGET_NAME)";
				SWIFT_VERSION = 3.0;
				TEST_HOST = "$(BUILT_PRODUCTS_DIR)/TestDP.app/TestDP";
			};
			name = Release;
		};
		78887FEC1F1E0FE800823954 /* Debug */ = {
			isa = XCBuildConfiguration;
			buildSettings = {
				ALWAYS_EMBED_SWIFT_STANDARD_LIBRARIES = YES;
				INFOPLIST_FILE = TestDPUITests/Info.plist;
				LD_RUNPATH_SEARCH_PATHS = "$(inherited) @executable_path/Frameworks @loader_path/Frameworks";
				PRODUCT_BUNDLE_IDENTIFIER = test.dp.TestDPUITests;
				PRODUCT_NAME = "$(TARGET_NAME)";
				SWIFT_VERSION = 3.0;
				TEST_TARGET_NAME = TestDP;
			};
			name = Debug;
		};
		78887FED1F1E0FE800823954 /* Release */ = {
			isa = XCBuildConfiguration;
			buildSettings = {
				ALWAYS_EMBED_SWIFT_STANDARD_LIBRARIES = YES;
				INFOPLIST_FILE = TestDPUITests/Info.plist;
				LD_RUNPATH_SEARCH_PATHS = "$(inherited) @executable_path/Frameworks @loader_path/Frameworks";
				PRODUCT_BUNDLE_IDENTIFIER = test.dp.TestDPUITests;
				PRODUCT_NAME = "$(TARGET_NAME)";
				SWIFT_VERSION = 3.0;
				TEST_TARGET_NAME = TestDP;
			};
			name = Release;
		};
/* End XCBuildConfiguration section */

/* Begin XCConfigurationList section */
		78887FB81F1E0FE800823954 /* Build configuration list for PBXProject "TestDP" */ = {
			isa = XCConfigurationList;
			buildConfigurations = (
				78887FE31F1E0FE800823954 /* Debug */,
				78887FE41F1E0FE800823954 /* Release */,
			);
			defaultConfigurationIsVisible = 0;
			defaultConfigurationName = Release;
		};
		78887FE51F1E0FE800823954 /* Build configuration list for PBXNativeTarget "TestDP" */ = {
			isa = XCConfigurationList;
			buildConfigurations = (
				78887FE61F1E0FE800823954 /* Debug */,
				78887FE71F1E0FE800823954 /* Release */,
			);
			defaultConfigurationIsVisible = 0;
		};
		78887FE81F1E0FE800823954 /* Build configuration list for PBXNativeTarget "TestDPTests" */ = {
			isa = XCConfigurationList;
			buildConfigurations = (
				78887FE91F1E0FE800823954 /* Debug */,
				78887FEA1F1E0FE800823954 /* Release */,
			);
			defaultConfigurationIsVisible = 0;
		};
		78887FEB1F1E0FE800823954 /* Build configuration list for PBXNativeTarget "TestDPUITests" */ = {
			isa = XCConfigurationList;
			buildConfigurations = (
				78887FEC1F1E0FE800823954 /* Debug */,
				78887FED1F1E0FE800823954 /* Release */,
			);
			defaultConfigurationIsVisible = 0;
		};
/* End XCConfigurationList section */
	};
	rootObject = 78887FB51F1E0FE800823954 /* Project object */;
}
